
Microsoft Visual Studio Solution File, Format Version 12.00
# Visual Studio 15
VisualStudioVersion = 15.0.26430.16
MinimumVisualStudioVersion = 10.0.40219.1
Project("{FAE04EC0-301F-11D3-BF4B-00C04F79EFBC}") = "001_线性表", "001_线性表\001_线性表.csproj", "{88126434-D6EC-43EA-8CDA-8F025DB9CAA4}"
EndProject
Project("{FAE04EC0-301F-11D3-BF4B-00C04F79EFBC}") = "002_栈", "002_栈\002_栈.csproj", "{0B209399-AB63-4E6A-A43A-B623D88497DF}"
EndProject
Project("{FAE04EC0-301F-11D3-BF4B-00C04F79EFBC}") = "003字符串", "003字符串\003字符串.csproj", "{4493270B-9793-4D46-8F01-2BDCAFDBE889}"
EndProject
Global
	GlobalSection(SolutionConfigurationPlatforms) = preSolution
		Debug|Any CPU = Debug|Any CPU
		Release|Any CPU = Release|Any CPU
	EndGlobalSection
	GlobalSection(ProjectConfigurationPlatforms) = postSolution
		{88126434-D6EC-43EA-8CDA-8F025DB9CAA4}.Debug|Any CPU.ActiveCfg = Debug|Any CPU
		{88126434-D6EC-43EA-8CDA-8F025DB9CAA4}.Debug|Any CPU.Build.0 = Debug|Any CPU
		{88126434-D6EC-43EA-8CDA-8F025DB9CAA4}.Release|Any CPU.ActiveCfg = Release|Any CPU
		{88126434-D6EC-43EA-8CDA-8F025DB9CAA4}.Release|Any CPU.Build.0 = Release|Any CPU
		{0B209399-AB63-4E6A-A43A-B623D88497DF}.Debug|Any CPU.ActiveCfg = Debug|Any CPU
		{0B209399-AB63-4E6A-A43A-B623D88497DF}.Debug|Any CPU.Build.0 = Debug|Any CPU
		{0B209399-AB63-4E6A-A43A-B623D88497DF}.Release|Any CPU.ActiveCfg = Release|Any CPU
		{0B209399-AB63-4E6A-A43A-B623D88497DF}.Release|Any CPU.Build.0 = Release|Any CPU
		{4493270B-9793-4D46-8F01-2BDCAFDBE889}.Debug|Any CPU.ActiveCfg = Debug|Any CPU
		{4493270B-9793-4D46-8F01-2BDCAFDBE889}.Debug|Any CPU.Build.0 = Debug|Any CPU
		{4493270B-9793-4D46-8F01-2BDCAFDBE889}.Release|Any CPU.ActiveCfg = Release|Any CPU
		{4493270B-9793-4D46-8F01-2BDCAFDBE889}.Release|Any CPU.Build.0 = Release|Any CPU
	EndGlobalSection
	GlobalSection(SolutionProperties) = preSolution
		HideSolutionNode = FALSE
	EndGlobalSection
EndGlobal
