
Microsoft Visual Studio Solution File, Format Version 12.00
# Visual Studio 15
VisualStudioVersion = 15.0.27004.2009
MinimumVisualStudioVersion = 10.0.40219.1
Project("{FAE04EC0-301F-11D3-BF4B-00C04F79EFBC}") = "001_线性表", "001_线性表\001_线性表.csproj", "{88126434-D6EC-43EA-8CDA-8F025DB9CAA4}"
EndProject
Project("{FAE04EC0-301F-11D3-BF4B-00C04F79EFBC}") = "002_栈", "002_栈\002_栈.csproj", "{0B209399-AB63-4E6A-A43A-B623D88497DF}"
EndProject
Project("{FAE04EC0-301F-11D3-BF4B-00C04F79EFBC}") = "003字符串", "003字符串\003字符串.csproj", "{4493270B-9793-4D46-8F01-2BDCAFDBE889}"
EndProject
Project("{FAE04EC0-301F-11D3-BF4B-00C04F79EFBC}") = "004数组", "004数组\004数组.csproj", "{9F06415D-01FD-467F-A43F-C283728D1311}"
EndProject
Project("{FAE04EC0-301F-11D3-BF4B-00C04F79EFBC}") = "排序01", "排序01\排序01.csproj", "{DA37F349-8B43-413D-94D1-4A1BBE7DFF28}"
EndProject
Project("{FAE04EC0-301F-11D3-BF4B-00C04F79EFBC}") = "005队列", "005队列\005队列.csproj", "{28ACFBFB-32FC-4811-A35B-E9505FBC930B}"
EndProject
Project("{FAE04EC0-301F-11D3-BF4B-00C04F79EFBC}") = "006树结构", "006树结构\006树结构.csproj", "{AEE86AC7-697C-4DFA-BCEF-46AEC12D6C26}"
EndProject
Project("{FAE04EC0-301F-11D3-BF4B-00C04F79EFBC}") = "_007图", "_007图\_007图.csproj", "{306E0E07-DAD8-4847-B834-9934CBE6907A}"
EndProject
Global
	GlobalSection(SolutionConfigurationPlatforms) = preSolution
		Debug|Any CPU = Debug|Any CPU
		Debug|x64 = Debug|x64
		Debug|x86 = Debug|x86
		Release|Any CPU = Release|Any CPU
		Release|x64 = Release|x64
		Release|x86 = Release|x86
	EndGlobalSection
	GlobalSection(ProjectConfigurationPlatforms) = postSolution
		{88126434-D6EC-43EA-8CDA-8F025DB9CAA4}.Debug|Any CPU.ActiveCfg = Debug|Any CPU
		{88126434-D6EC-43EA-8CDA-8F025DB9CAA4}.Debug|Any CPU.Build.0 = Debug|Any CPU
		{88126434-D6EC-43EA-8CDA-8F025DB9CAA4}.Debug|x64.ActiveCfg = Debug|Any CPU
		{88126434-D6EC-43EA-8CDA-8F025DB9CAA4}.Debug|x64.Build.0 = Debug|Any CPU
		{88126434-D6EC-43EA-8CDA-8F025DB9CAA4}.Debug|x86.ActiveCfg = Debug|Any CPU
		{88126434-D6EC-43EA-8CDA-8F025DB9CAA4}.Debug|x86.Build.0 = Debug|Any CPU
		{88126434-D6EC-43EA-8CDA-8F025DB9CAA4}.Release|Any CPU.ActiveCfg = Release|Any CPU
		{88126434-D6EC-43EA-8CDA-8F025DB9CAA4}.Release|Any CPU.Build.0 = Release|Any CPU
		{88126434-D6EC-43EA-8CDA-8F025DB9CAA4}.Release|x64.ActiveCfg = Release|Any CPU
		{88126434-D6EC-43EA-8CDA-8F025DB9CAA4}.Release|x64.Build.0 = Release|Any CPU
		{88126434-D6EC-43EA-8CDA-8F025DB9CAA4}.Release|x86.ActiveCfg = Release|Any CPU
		{88126434-D6EC-43EA-8CDA-8F025DB9CAA4}.Release|x86.Build.0 = Release|Any CPU
		{0B209399-AB63-4E6A-A43A-B623D88497DF}.Debug|Any CPU.ActiveCfg = Debug|Any CPU
		{0B209399-AB63-4E6A-A43A-B623D88497DF}.Debug|Any CPU.Build.0 = Debug|Any CPU
		{0B209399-AB63-4E6A-A43A-B623D88497DF}.Debug|x64.ActiveCfg = Debug|Any CPU
		{0B209399-AB63-4E6A-A43A-B623D88497DF}.Debug|x64.Build.0 = Debug|Any CPU
		{0B209399-AB63-4E6A-A43A-B623D88497DF}.Debug|x86.ActiveCfg = Debug|Any CPU
		{0B209399-AB63-4E6A-A43A-B623D88497DF}.Debug|x86.Build.0 = Debug|Any CPU
		{0B209399-AB63-4E6A-A43A-B623D88497DF}.Release|Any CPU.ActiveCfg = Release|Any CPU
		{0B209399-AB63-4E6A-A43A-B623D88497DF}.Release|Any CPU.Build.0 = Release|Any CPU
		{0B209399-AB63-4E6A-A43A-B623D88497DF}.Release|x64.ActiveCfg = Release|Any CPU
		{0B209399-AB63-4E6A-A43A-B623D88497DF}.Release|x64.Build.0 = Release|Any CPU
		{0B209399-AB63-4E6A-A43A-B623D88497DF}.Release|x86.ActiveCfg = Release|Any CPU
		{0B209399-AB63-4E6A-A43A-B623D88497DF}.Release|x86.Build.0 = Release|Any CPU
		{4493270B-9793-4D46-8F01-2BDCAFDBE889}.Debug|Any CPU.ActiveCfg = Debug|Any CPU
		{4493270B-9793-4D46-8F01-2BDCAFDBE889}.Debug|Any CPU.Build.0 = Debug|Any CPU
		{4493270B-9793-4D46-8F01-2BDCAFDBE889}.Debug|x64.ActiveCfg = Debug|Any CPU
		{4493270B-9793-4D46-8F01-2BDCAFDBE889}.Debug|x64.Build.0 = Debug|Any CPU
		{4493270B-9793-4D46-8F01-2BDCAFDBE889}.Debug|x86.ActiveCfg = Debug|Any CPU
		{4493270B-9793-4D46-8F01-2BDCAFDBE889}.Debug|x86.Build.0 = Debug|Any CPU
		{4493270B-9793-4D46-8F01-2BDCAFDBE889}.Release|Any CPU.ActiveCfg = Release|Any CPU
		{4493270B-9793-4D46-8F01-2BDCAFDBE889}.Release|Any CPU.Build.0 = Release|Any CPU
		{4493270B-9793-4D46-8F01-2BDCAFDBE889}.Release|x64.ActiveCfg = Release|Any CPU
		{4493270B-9793-4D46-8F01-2BDCAFDBE889}.Release|x64.Build.0 = Release|Any CPU
		{4493270B-9793-4D46-8F01-2BDCAFDBE889}.Release|x86.ActiveCfg = Release|Any CPU
		{4493270B-9793-4D46-8F01-2BDCAFDBE889}.Release|x86.Build.0 = Release|Any CPU
		{9F06415D-01FD-467F-A43F-C283728D1311}.Debug|Any CPU.ActiveCfg = Debug|Any CPU
		{9F06415D-01FD-467F-A43F-C283728D1311}.Debug|Any CPU.Build.0 = Debug|Any CPU
		{9F06415D-01FD-467F-A43F-C283728D1311}.Debug|x64.ActiveCfg = Debug|Any CPU
		{9F06415D-01FD-467F-A43F-C283728D1311}.Debug|x64.Build.0 = Debug|Any CPU
		{9F06415D-01FD-467F-A43F-C283728D1311}.Debug|x86.ActiveCfg = Debug|Any CPU
		{9F06415D-01FD-467F-A43F-C283728D1311}.Debug|x86.Build.0 = Debug|Any CPU
		{9F06415D-01FD-467F-A43F-C283728D1311}.Release|Any CPU.ActiveCfg = Release|Any CPU
		{9F06415D-01FD-467F-A43F-C283728D1311}.Release|Any CPU.Build.0 = Release|Any CPU
		{9F06415D-01FD-467F-A43F-C283728D1311}.Release|x64.ActiveCfg = Release|Any CPU
		{9F06415D-01FD-467F-A43F-C283728D1311}.Release|x64.Build.0 = Release|Any CPU
		{9F06415D-01FD-467F-A43F-C283728D1311}.Release|x86.ActiveCfg = Release|Any CPU
		{9F06415D-01FD-467F-A43F-C283728D1311}.Release|x86.Build.0 = Release|Any CPU
		{DA37F349-8B43-413D-94D1-4A1BBE7DFF28}.Debug|Any CPU.ActiveCfg = Debug|Any CPU
		{DA37F349-8B43-413D-94D1-4A1BBE7DFF28}.Debug|Any CPU.Build.0 = Debug|Any CPU
		{DA37F349-8B43-413D-94D1-4A1BBE7DFF28}.Debug|x64.ActiveCfg = Debug|Any CPU
		{DA37F349-8B43-413D-94D1-4A1BBE7DFF28}.Debug|x64.Build.0 = Debug|Any CPU
		{DA37F349-8B43-413D-94D1-4A1BBE7DFF28}.Debug|x86.ActiveCfg = Debug|Any CPU
		{DA37F349-8B43-413D-94D1-4A1BBE7DFF28}.Debug|x86.Build.0 = Debug|Any CPU
		{DA37F349-8B43-413D-94D1-4A1BBE7DFF28}.Release|Any CPU.ActiveCfg = Release|Any CPU
		{DA37F349-8B43-413D-94D1-4A1BBE7DFF28}.Release|Any CPU.Build.0 = Release|Any CPU
		{DA37F349-8B43-413D-94D1-4A1BBE7DFF28}.Release|x64.ActiveCfg = Release|Any CPU
		{DA37F349-8B43-413D-94D1-4A1BBE7DFF28}.Release|x64.Build.0 = Release|Any CPU
		{DA37F349-8B43-413D-94D1-4A1BBE7DFF28}.Release|x86.ActiveCfg = Release|Any CPU
		{DA37F349-8B43-413D-94D1-4A1BBE7DFF28}.Release|x86.Build.0 = Release|Any CPU
		{28ACFBFB-32FC-4811-A35B-E9505FBC930B}.Debug|Any CPU.ActiveCfg = Debug|Any CPU
		{28ACFBFB-32FC-4811-A35B-E9505FBC930B}.Debug|Any CPU.Build.0 = Debug|Any CPU
		{28ACFBFB-32FC-4811-A35B-E9505FBC930B}.Debug|x64.ActiveCfg = Debug|Any CPU
		{28ACFBFB-32FC-4811-A35B-E9505FBC930B}.Debug|x64.Build.0 = Debug|Any CPU
		{28ACFBFB-32FC-4811-A35B-E9505FBC930B}.Debug|x86.ActiveCfg = Debug|Any CPU
		{28ACFBFB-32FC-4811-A35B-E9505FBC930B}.Debug|x86.Build.0 = Debug|Any CPU
		{28ACFBFB-32FC-4811-A35B-E9505FBC930B}.Release|Any CPU.ActiveCfg = Release|Any CPU
		{28ACFBFB-32FC-4811-A35B-E9505FBC930B}.Release|Any CPU.Build.0 = Release|Any CPU
		{28ACFBFB-32FC-4811-A35B-E9505FBC930B}.Release|x64.ActiveCfg = Release|Any CPU
		{28ACFBFB-32FC-4811-A35B-E9505FBC930B}.Release|x64.Build.0 = Release|Any CPU
		{28ACFBFB-32FC-4811-A35B-E9505FBC930B}.Release|x86.ActiveCfg = Release|Any CPU
		{28ACFBFB-32FC-4811-A35B-E9505FBC930B}.Release|x86.Build.0 = Release|Any CPU
		{AEE86AC7-697C-4DFA-BCEF-46AEC12D6C26}.Debug|Any CPU.ActiveCfg = Debug|Any CPU
		{AEE86AC7-697C-4DFA-BCEF-46AEC12D6C26}.Debug|Any CPU.Build.0 = Debug|Any CPU
		{AEE86AC7-697C-4DFA-BCEF-46AEC12D6C26}.Debug|x64.ActiveCfg = Debug|Any CPU
		{AEE86AC7-697C-4DFA-BCEF-46AEC12D6C26}.Debug|x64.Build.0 = Debug|Any CPU
		{AEE86AC7-697C-4DFA-BCEF-46AEC12D6C26}.Debug|x86.ActiveCfg = Debug|Any CPU
		{AEE86AC7-697C-4DFA-BCEF-46AEC12D6C26}.Debug|x86.Build.0 = Debug|Any CPU
		{AEE86AC7-697C-4DFA-BCEF-46AEC12D6C26}.Release|Any CPU.ActiveCfg = Release|Any CPU
		{AEE86AC7-697C-4DFA-BCEF-46AEC12D6C26}.Release|Any CPU.Build.0 = Release|Any CPU
		{AEE86AC7-697C-4DFA-BCEF-46AEC12D6C26}.Release|x64.ActiveCfg = Release|Any CPU
		{AEE86AC7-697C-4DFA-BCEF-46AEC12D6C26}.Release|x64.Build.0 = Release|Any CPU
		{AEE86AC7-697C-4DFA-BCEF-46AEC12D6C26}.Release|x86.ActiveCfg = Release|Any CPU
		{AEE86AC7-697C-4DFA-BCEF-46AEC12D6C26}.Release|x86.Build.0 = Release|Any CPU
		{306E0E07-DAD8-4847-B834-9934CBE6907A}.Debug|Any CPU.ActiveCfg = Debug|Any CPU
		{306E0E07-DAD8-4847-B834-9934CBE6907A}.Debug|Any CPU.Build.0 = Debug|Any CPU
		{306E0E07-DAD8-4847-B834-9934CBE6907A}.Debug|x64.ActiveCfg = Debug|Any CPU
		{306E0E07-DAD8-4847-B834-9934CBE6907A}.Debug|x64.Build.0 = Debug|Any CPU
		{306E0E07-DAD8-4847-B834-9934CBE6907A}.Debug|x86.ActiveCfg = Debug|Any CPU
		{306E0E07-DAD8-4847-B834-9934CBE6907A}.Debug|x86.Build.0 = Debug|Any CPU
		{306E0E07-DAD8-4847-B834-9934CBE6907A}.Release|Any CPU.ActiveCfg = Release|Any CPU
		{306E0E07-DAD8-4847-B834-9934CBE6907A}.Release|Any CPU.Build.0 = Release|Any CPU
		{306E0E07-DAD8-4847-B834-9934CBE6907A}.Release|x64.ActiveCfg = Release|Any CPU
		{306E0E07-DAD8-4847-B834-9934CBE6907A}.Release|x64.Build.0 = Release|Any CPU
		{306E0E07-DAD8-4847-B834-9934CBE6907A}.Release|x86.ActiveCfg = Release|Any CPU
		{306E0E07-DAD8-4847-B834-9934CBE6907A}.Release|x86.Build.0 = Release|Any CPU
	EndGlobalSection
	GlobalSection(SolutionProperties) = preSolution
		HideSolutionNode = FALSE
	EndGlobalSection
	GlobalSection(ExtensibilityGlobals) = postSolution
		SolutionGuid = {2DCEB482-7398-4537-B1E7-DE45A9A154A8}
	EndGlobalSection
EndGlobal
